
Microsoft Visual Studio Solution File, Format Version 12.00
# Visual Studio Version 17
VisualStudioVersion = 17.7.34031.279
MinimumVisualStudioVersion = 10.0.40219.1
Project("{9A19103F-16F7-4668-BE54-9A1E7A4F7556}") = "Syndication", "Syndication\Syndication.csproj", "{E6D73D4A-2166-4715-A7B0-C3644469959A}"
EndProject
Project("{9A19103F-16F7-4668-BE54-9A1E7A4F7556}") = "Syndication.Tests", "Syndication.Tests\Syndication.Tests.csproj", "{CE70B54F-0456-4854-8FA9-F6C70F943ABC}"
EndProject
Project("{2150E333-8FDC-42A3-9474-1A3956D46DE8}") = "Solution Items", "Solution Items", "{CF0E7DCA-8DB4-4341-B1CF-82A608724819}"
	ProjectSection(SolutionItems) = preProject
		Directory.Build.props = Directory.Build.props
		Directory.Build.targets = Directory.Build.targets
	EndProjectSection
EndProject
Global
	GlobalSection(SolutionConfigurationPlatforms) = preSolution
		Debug|Any CPU = Debug|Any CPU
		Release|Any CPU = Release|Any CPU
	EndGlobalSection
	GlobalSection(ProjectConfigurationPlatforms) = postSolution
		{E6D73D4A-2166-4715-A7B0-C3644469959A}.Debug|Any CPU.ActiveCfg = Debug|Any CPU
		{E6D73D4A-2166-4715-A7B0-C3644469959A}.Debug|Any CPU.Build.0 = Debug|Any CPU
		{E6D73D4A-2166-4715-A7B0-C3644469959A}.Release|Any CPU.ActiveCfg = Release|Any CPU
		{E6D73D4A-2166-4715-A7B0-C3644469959A}.Release|Any CPU.Build.0 = Release|Any CPU
		{CE70B54F-0456-4854-8FA9-F6C70F943ABC}.Debug|Any CPU.ActiveCfg = Debug|Any CPU
		{CE70B54F-0456-4854-8FA9-F6C70F943ABC}.Debug|Any CPU.Build.0 = Debug|Any CPU
		{CE70B54F-0456-4854-8FA9-F6C70F943ABC}.Release|Any CPU.ActiveCfg = Release|Any CPU
		{CE70B54F-0456-4854-8FA9-F6C70F943ABC}.Release|Any CPU.Build.0 = Release|Any CPU
	EndGlobalSection
	GlobalSection(SolutionProperties) = preSolution
		HideSolutionNode = FALSE
	EndGlobalSection
	GlobalSection(ExtensibilityGlobals) = postSolution
		SolutionGuid = {C3EB9927-51B2-4C5D-A735-E7288141DE1B}
	EndGlobalSection
EndGlobal
